
Microsoft Visual Studio Solution File, Format Version 12.00
# Visual Studio 14
VisualStudioVersion = 14.0.25420.1
MinimumVisualStudioVersion = 10.0.40219.1
Project("{FAE04EC0-301F-11D3-BF4B-00C04F79EFBC}") = "Vangti", "Vangti\Vangti.csproj", "{BBBAF14A-E46C-4FB6-949E-6B78605B1879}"
EndProject
Global
	GlobalSection(SolutionConfigurationPlatforms) = preSolution
		Debug|Any CPU = Debug|Any CPU
		Release|Any CPU = Release|Any CPU
	EndGlobalSection
	GlobalSection(ProjectConfigurationPlatforms) = postSolution
		{BBBAF14A-E46C-4FB6-949E-6B78605B1879}.Debug|Any CPU.ActiveCfg = Debug|Any CPU
		{BBBAF14A-E46C-4FB6-949E-6B78605B1879}.Debug|Any CPU.Build.0 = Debug|Any CPU
		{BBBAF14A-E46C-4FB6-949E-6B78605B1879}.Release|Any CPU.ActiveCfg = Release|Any CPU
		{BBBAF14A-E46C-4FB6-949E-6B78605B1879}.Release|Any CPU.Build.0 = Release|Any CPU
	EndGlobalSection
	GlobalSection(SolutionProperties) = preSolution
		HideSolutionNode = FALSE
	EndGlobalSection
EndGlobal
